
Microsoft Visual Studio Solution File, Format Version 12.00
# Visual Studio Version 17
VisualStudioVersion = 17.5.33516.290
MinimumVisualStudioVersion = 10.0.40219.1
Project("{FAE04EC0-301F-11D3-BF4B-00C04F79EFBC}") = "Ejemplo1Core", "Ejemplo1Core\Ejemplo1Core.csproj", "{A31DBBEC-9455-4D29-ADE7-BBF1376AF492}"
EndProject
Global
	GlobalSection(SolutionConfigurationPlatforms) = preSolution
		Debug|Any CPU = Debug|Any CPU
		Release|Any CPU = Release|Any CPU
	EndGlobalSection
	GlobalSection(ProjectConfigurationPlatforms) = postSolution
		{A31DBBEC-9455-4D29-ADE7-BBF1376AF492}.Debug|Any CPU.ActiveCfg = Debug|Any CPU
		{A31DBBEC-9455-4D29-ADE7-BBF1376AF492}.Debug|Any CPU.Build.0 = Debug|Any CPU
		{A31DBBEC-9455-4D29-ADE7-BBF1376AF492}.Release|Any CPU.ActiveCfg = Release|Any CPU
		{A31DBBEC-9455-4D29-ADE7-BBF1376AF492}.Release|Any CPU.Build.0 = Release|Any CPU
	EndGlobalSection
	GlobalSection(SolutionProperties) = preSolution
		HideSolutionNode = FALSE
	EndGlobalSection
	GlobalSection(ExtensibilityGlobals) = postSolution
		SolutionGuid = {219D2159-EA86-4488-955A-42CA6BBF2174}
	EndGlobalSection
EndGlobal
